lockfileVersion: 5.4

specifiers:
  '@graphql-yoga/node': ^2.13.13
  '@pothos/core': ^3.22.9
  '@pothos/plugin-errors': ^3.8.7
  '@pothos/plugin-prisma': ^3.35.8
  '@pothos/plugin-relay': ^3.28.7
  '@prisma/client': ^4.6.1
  '@swc/core': ^1.3.15
  '@types/node': ^18.11.9
  graphql: ^16.6.0
  graphql-yoga: 3.0.0-next.12
  node-dev: ^7.4.3
  prisma: ^4.6.1
  ts-node: ^10.9.1
  typescript: ^4.8.4

dependencies:
  '@graphql-yoga/node': 2.13.13_graphql@16.6.0
  '@pothos/core': 3.22.9_graphql@16.6.0
  '@pothos/plugin-errors': 3.8.7_v2qc3nfubgdgrxcrberzprg3h4
  '@pothos/plugin-prisma': 3.35.8_3gs53jm7fb5agmtzrvh5mhajkq
  '@pothos/plugin-relay': 3.28.7_v2qc3nfubgdgrxcrberzprg3h4
  '@prisma/client': 4.6.1_prisma@4.6.1
  '@swc/core': 1.3.15
  graphql: 16.6.0
  graphql-yoga: 3.0.0-next.12_xfoe4adolgvm4tvnio5xigcr6e
  ts-node: 10.9.1_4csf6ozabiuty34uv5nlik2ali
  typescript: 4.8.4

devDependencies:
  '@types/node': 18.11.9
  node-dev: 7.4.3
  prisma: 4.6.1

packages:

  /@cspotcode/source-map-support/0.8.1:
    resolution: {integrity: sha512-IchNf6dN4tHoMFIn/7OE8LWZ19Y6q/67Bmf6vnGREv8RSbBVb9LPJxEcnwrcwX6ixSvaiGoomAUvu4YSxXrVgw==}
    engines: {node: '>=12'}
    dependencies:
      '@jridgewell/trace-mapping': 0.3.9
    dev: false

  /@envelop/core/2.6.0_graphql@16.6.0:
    resolution: {integrity: sha512-yTptKinJN//i6m1kXUbnLBl/FobzddI4ehURAMS08eRUOQwAuXqJU9r8VdTav8nIZLb4t6cuDWFb3n331LiwLw==}
    peerDependencies:
      graphql: ^14.0.0 || ^15.0.0 || ^16.0.0
    dependencies:
      '@envelop/types': 2.4.0_graphql@16.6.0
      graphql: 16.6.0
      tslib: 2.4.0
    dev: false

  /@envelop/core/3.0.3:
    resolution: {integrity: sha512-GXIb7HhsSYerMJR/AhJ6nN9F+w17bYRdUfu7ZXTixJEjS/3SXXK29qvr42iLLEqrnum57nk6cDyA3DBZLnuJ9w==}
    dependencies:
      '@envelop/types': 3.0.0
      tslib: 2.4.0
    dev: false

  /@envelop/parser-cache/4.7.0_4hr55tbjlvoppd2sokdhrbpreq:
    resolution: {integrity: sha512-63NfXDcW/vGn4U6NFxaZ0JbYWAcJb9A6jhTvghsSz1ZS+Dny/ci8bVSgVmM1q+N56hPyGsVPuyI+rIc71mPU5g==}
    peerDependencies:
      '@envelop/core': ^2.6.0
      graphql: ^14.0.0 || ^15.0.0 || ^16.0.0
    dependencies:
      '@envelop/core': 2.6.0_graphql@16.6.0
      graphql: 16.6.0
      lru-cache: 6.0.0
      tslib: 2.4.1
    dev: false

  /@envelop/parser-cache/5.0.3_pbptz7adnmiijjca652cpfgxr4:
    resolution: {integrity: sha512-3H3PZI//1ConuD0MmkKl3Sm9j7vRQvI/fIgvzXbE0n/OuuVV7D9rmtnSEqTkXufAgxKv674T2DJF4QPQHOy9Ag==}
    peerDependencies:
      '@envelop/core': ^3.0.3
      graphql: ^14.0.0 || ^15.0.0 || ^16.0.0
    dependencies:
      '@envelop/core': 3.0.3
      graphql: 16.6.0
      lru-cache: 6.0.0
      tslib: 2.4.1
    dev: false

  /@envelop/types/2.4.0_graphql@16.6.0:
    resolution: {integrity: sha512-pjxS98cDQBS84X29VcwzH3aJ/KiLCGwyMxuj7/5FkdiaCXAD1JEvKEj9LARWlFYj1bY43uII4+UptFebrhiIaw==}
    peerDependencies:
      graphql: ^14.0.0 || ^15.0.0 || ^16.0.0
    dependencies:
      graphql: 16.6.0
      tslib: 2.4.1
    dev: false

  /@envelop/types/3.0.0:
    resolution: {integrity: sha512-ohcZE+XNvgNqURdCA5RLN0yW3nbvi4Pkq8TA6RpG16PKakl3yDgzXBLit1SR6+9By0/XCBfto/9r48ZH25kmvw==}
    dependencies:
      tslib: 2.4.1
    dev: false

  /@envelop/validation-cache/4.7.0_4hr55tbjlvoppd2sokdhrbpreq:
    resolution: {integrity: sha512-PzL+GfWJRT+JjsJqZAIxHKEkvkM3hxkeytS5O0QLXT8kURNBV28r+Kdnn2RCF5+6ILhyGpiDb60vaquBi7g4lw==}
    peerDependencies:
      '@envelop/core': ^2.6.0
      graphql: ^14.0.0 || ^15.0.0 || ^16.0.0
    dependencies:
      '@envelop/core': 2.6.0_graphql@16.6.0
      graphql: 16.6.0
      lru-cache: 6.0.0
      tslib: 2.4.1
    dev: false

  /@envelop/validation-cache/5.0.3_pbptz7adnmiijjca652cpfgxr4:
    resolution: {integrity: sha512-zJcP8CFCdeUTkIymbBnuRgp3+G/YCubl7Pi+WoM0W2LAsJl7yxvqoaHS5aPbpNJunqUomsnRwBtkcK966EzjsQ==}
    peerDependencies:
      '@envelop/core': ^3.0.3
      graphql: ^14.0.0 || ^15.0.0 || ^16.0.0
    dependencies:
      '@envelop/core': 3.0.3
      graphql: 16.6.0
      lru-cache: 6.0.0
      tslib: 2.4.1
    dev: false

  /@graphql-tools/executor/0.0.8_graphql@16.6.0:
    resolution: {integrity: sha512-3I9LnwapdMRPlMQolR/GM+5M0qtSSzWy+5v5dxmhVX/hxda4LCKVNvjqW1sQWKGTGpXxCmSpjsmX/sB8aQsJIA==}
    peerDependencies:
      graphql: ^14.0.0 || ^15.0.0 || ^16.0.0 || ^17.0.0
    dependencies:
      '@graphql-tools/utils': 9.1.0_graphql@16.6.0
      '@graphql-typed-document-node/core': 3.1.1_graphql@16.6.0
      '@repeaterjs/repeater': 3.0.4
      graphql: 16.6.0
      tslib: 2.4.1
      value-or-promise: 1.0.11
    dev: false

  /@graphql-tools/merge/8.3.11_graphql@16.6.0:
    resolution: {integrity: sha512-IpZh8r8e8FycXaUv04xe5HQH9siD1tkS8MvaO8Wb2FaPXv15XSYP+Wsb2MUStpIqGfQxa6xY/+eEuxv+VqwXyg==}
    peerDependencies:
      graphql: ^14.0.0 || ^15.0.0 || ^16.0.0 || ^17.0.0
    dependencies:
      '@graphql-tools/utils': 9.1.0_graphql@16.6.0
      graphql: 16.6.0
      tslib: 2.4.1
    dev: false

  /@graphql-tools/schema/9.0.9_graphql@16.6.0:
    resolution: {integrity: sha512-hwg8trUytO5ayQ8bzL3+sAyXcu2rhKt5pLXpLO0/TMTN2nXd3DBO4mqx+Ra4Er2mE/msInGQ5EmZbxVBPv+hSg==}
    peerDependencies:
      graphql: ^14.0.0 || ^15.0.0 || ^16.0.0 || ^17.0.0
    dependencies:
      '@graphql-tools/merge': 8.3.11_graphql@16.6.0
      '@graphql-tools/utils': 9.1.0_graphql@16.6.0
      graphql: 16.6.0
      tslib: 2.4.1
      value-or-promise: 1.0.11
    dev: false

  /@graphql-tools/utils/8.13.1_graphql@16.6.0:
    resolution: {integrity: sha512-qIh9yYpdUFmctVqovwMdheVNJqFh+DQNWIhX87FJStfXYnmweBUDATok9fWPleKeFwxnW8IapKmY8m8toJEkAw==}
    peerDependencies:
      graphql: ^14.0.0 || ^15.0.0 || ^16.0.0 || ^17.0.0
    dependencies:
      graphql: 16.6.0
      tslib: 2.4.1
    dev: false

  /@graphql-tools/utils/9.1.0_graphql@16.6.0:
    resolution: {integrity: sha512-4Ketxo98IwKA/56LP6cI6PgQBwUCujszQcTNkzjq7liJPa2mLjKnmVOJ0bauMwKcEazeYuZagceljb0POmEGvQ==}
    peerDependencies:
      graphql: ^14.0.0 || ^15.0.0 || ^16.0.0 || ^17.0.0
    dependencies:
      graphql: 16.6.0
      tslib: 2.4.1
    dev: false

  /@graphql-typed-document-node/core/3.1.1_graphql@16.6.0:
    resolution: {integrity: sha512-NQ17ii0rK1b34VZonlmT2QMJFI70m0TRwbknO/ihlbatXyaktDhN/98vBiUU6kNBPljqGqyIrl2T4nY2RpFANg==}
    peerDependencies:
      graphql: ^0.8.0 || ^0.9.0 || ^0.10.0 || ^0.11.0 || ^0.12.0 || ^0.13.0 || ^14.0.0 || ^15.0.0 || ^16.0.0
    dependencies:
      graphql: 16.6.0
    dev: false

  /@graphql-yoga/common/2.12.12_graphql@16.6.0:
    resolution: {integrity: sha512-La2ygIw2qlIJZrRGT4nW70Nam7gQ2xZkOn0FDCnKWSJhQ4nHw4aFAkeHIJdZGK0u2TqtXRrNSAj5cb/TZoqUiQ==}
    peerDependencies:
      graphql: ^15.2.0 || ^16.0.0
    dependencies:
      '@envelop/core': 2.6.0_graphql@16.6.0
      '@envelop/parser-cache': 4.7.0_4hr55tbjlvoppd2sokdhrbpreq
      '@envelop/validation-cache': 4.7.0_4hr55tbjlvoppd2sokdhrbpreq
      '@graphql-tools/schema': 9.0.9_graphql@16.6.0
      '@graphql-tools/utils': 8.13.1_graphql@16.6.0
      '@graphql-typed-document-node/core': 3.1.1_graphql@16.6.0
      '@graphql-yoga/subscription': 2.2.3
      '@whatwg-node/fetch': 0.3.2
      dset: 3.1.2
      graphql: 16.6.0
      tslib: 2.4.1
    transitivePeerDependencies:
      - encoding
    dev: false

  /@graphql-yoga/node/2.13.13_graphql@16.6.0:
    resolution: {integrity: sha512-3NmdEq3BkuVLRbo5yUi401sBiwowSKgY8O1DN1RwYdHRr0nu2dXzlYEETf4XLymyP6mKsVfQgsy7HQjwsc1oNw==}
    peerDependencies:
      graphql: ^15.2.0 || ^16.0.0
    dependencies:
      '@envelop/core': 2.6.0_graphql@16.6.0
      '@graphql-tools/utils': 8.13.1_graphql@16.6.0
      '@graphql-yoga/common': 2.12.12_graphql@16.6.0
      '@graphql-yoga/subscription': 2.2.3
      '@whatwg-node/fetch': 0.3.2
      graphql: 16.6.0
      tslib: 2.4.1
    transitivePeerDependencies:
      - encoding
    dev: false

  /@graphql-yoga/subscription/2.2.3:
    resolution: {integrity: sha512-It/Dfh+nW2ClTtmOylAa+o7fbKIRYRTH6jfKLj3YB75tkv/rFZ70bjlChDCrEMa46I+zDMg7+cdkrQOXov2fDg==}
    dependencies:
      '@graphql-yoga/typed-event-target': 0.1.1
      '@repeaterjs/repeater': 3.0.4
      tslib: 2.4.1
    dev: false

  /@graphql-yoga/subscription/3.0.0-next.0:
    resolution: {integrity: sha512-ne+0p7CUHK8XOZRymKzYCLtllKNLqHnL+DiAOMCsvTm7NwgRXBBWiVwN/Bkp/JUTS8+PTssuTSLG8cUTR55p7g==}
    dependencies:
      '@graphql-yoga/typed-event-target': 1.0.0-next.0
      '@repeaterjs/repeater': 3.0.4
      '@whatwg-node/events': 0.0.2
      tslib: 2.4.1
    dev: false

  /@graphql-yoga/typed-event-target/0.1.1:
    resolution: {integrity: sha512-l23kLKHKhfD7jmv4OUlzxMTihSqgIjGWCSb0KdlLkeiaF2jjuo8pRhX200hFTrtjRHGSYS1fx2lltK/xWci+vw==}
    dependencies:
      '@repeaterjs/repeater': 3.0.4
      tslib: 2.4.1
    dev: false

  /@graphql-yoga/typed-event-target/1.0.0-next.0:
    resolution: {integrity: sha512-OP+6WpeP2eJBdQ4aVdP6m+dhVXPQX1xJ0T2GVmBMiRD3NQeaIMbAP0FPrB3gvh2VGVH0UaAPspQSKsxwEe8YtQ==}
    dependencies:
      '@repeaterjs/repeater': 3.0.4
      tslib: 2.4.1
    dev: false

  /@jridgewell/resolve-uri/3.1.0:
    resolution: {integrity: sha512-F2msla3tad+Mfht5cJq7LSXcdudKTWCVYUgw6pLFOOHSTtZlj6SWNYAp+AhuqLmWdBO2X5hPrLcu8cVP8fy28w==}
    engines: {node: '>=6.0.0'}
    dev: false

  /@jridgewell/sourcemap-codec/1.4.14:
    resolution: {integrity: sha512-XPSJHWmi394fuUuzDnGz1wiKqWfo1yXecHQMRf2l6hztTO+nPru658AyDngaBe7isIxEkRsPR3FZh+s7iVa4Uw==}
    dev: false

  /@jridgewell/trace-mapping/0.3.9:
    resolution: {integrity: sha512-3Belt6tdc8bPgAtbcmdtNJlirVoTmEb5e2gC94PnkwEW9jI6CAHUeoG85tjWP5WquqfavoMtMwiG4P926ZKKuQ==}
    dependencies:
      '@jridgewell/resolve-uri': 3.1.0
      '@jridgewell/sourcemap-codec': 1.4.14
    dev: false

  /@peculiar/asn1-schema/2.3.3:
    resolution: {integrity: sha512-6GptMYDMyWBHTUKndHaDsRZUO/XMSgIns2krxcm2L7SEExRHwawFvSwNBhqNPR9HJwv3MruAiF1bhN0we6j6GQ==}
    dependencies:
      asn1js: 3.0.5
      pvtsutils: 1.3.2
      tslib: 2.4.1
    dev: false

  /@peculiar/json-schema/1.1.12:
    resolution: {integrity: sha512-coUfuoMeIB7B8/NMekxaDzLhaYmp0HZNPEjYRm9goRou8UZIC3z21s0sL9AWoCw4EG876QyO3kYrc61WNF9B/w==}
    engines: {node: '>=8.0.0'}
    dependencies:
      tslib: 2.4.1
    dev: false

  /@peculiar/webcrypto/1.4.1:
    resolution: {integrity: sha512-eK4C6WTNYxoI7JOabMoZICiyqRRtJB220bh0Mbj5RwRycleZf9BPyZoxsTvpP0FpmVS2aS13NKOuh5/tN3sIRw==}
    engines: {node: '>=10.12.0'}
    dependencies:
      '@peculiar/asn1-schema': 2.3.3
      '@peculiar/json-schema': 1.1.12
      pvtsutils: 1.3.2
      tslib: 2.4.1
      webcrypto-core: 1.7.5
    dev: false

  /@pothos/core/3.22.9_graphql@16.6.0:
    resolution: {integrity: sha512-yIgmJBL1L2JRrZTZ3d+9JzCzfpMXZV8aHy5oK5KhonO7dFruBtzbJlsgx4T4zQieKigBh8MSo9fbjCq1Z9Oklg==}
    peerDependencies:
      graphql: '>=15.1.0'
    dependencies:
      graphql: 16.6.0
    dev: false

  /@pothos/plugin-errors/3.8.7_v2qc3nfubgdgrxcrberzprg3h4:
    resolution: {integrity: sha512-JLZ3jSQqOXVKi6RVvOMLpYNG0Sf2gjRJhfw6qHis4sYupLHhMVd6FiCKjNktUKrBk1LnqZZqqxeIlxsRnC/6KA==}
    peerDependencies:
      '@pothos/core': '*'
      graphql: '>=15.1.0'
    dependencies:
      '@pothos/core': 3.22.9_graphql@16.6.0
      graphql: 16.6.0
    dev: false

  /@pothos/plugin-prisma/3.35.8_3gs53jm7fb5agmtzrvh5mhajkq:
    resolution: {integrity: sha512-3s93f7x8hCSN9Zt1CKvO0j0ta1eQmXUks+MKmtcM/EKW+whuVBvaaSUVU9ntQ2LKgy1fj3oKi1pgtoyxmZQbuA==}
    hasBin: true
    peerDependencies:
      '@pothos/core': '*'
      '@prisma/client': '*'
      graphql: '>=15.1.0'
      typescript: '>=4.7.2'
    dependencies:
      '@pothos/core': 3.22.9_graphql@16.6.0
      '@prisma/client': 4.6.1_prisma@4.6.1
      '@prisma/generator-helper': 4.6.1
      graphql: 16.6.0
      typescript: 4.8.4
    transitivePeerDependencies:
      - supports-color
    dev: false

  /@pothos/plugin-relay/3.28.7_v2qc3nfubgdgrxcrberzprg3h4:
    resolution: {integrity: sha512-VZI/iNguIq5xqPAVC4xC7PCpAyjyCmJsFdOkHQDNbYlINbdWMS919pp6EknsP0HUzxrRDTFgTcvWd1p4Y47tow==}
    peerDependencies:
      '@pothos/core': '*'
      graphql: '>=15.1.0'
    dependencies:
      '@pothos/core': 3.22.9_graphql@16.6.0
      graphql: 16.6.0
    dev: false

  /@prisma/client/4.6.1_prisma@4.6.1:
    resolution: {integrity: sha512-M1+NNrMzqaOIxT7PBGcTs3IZo7d1EW/+gVQd4C4gUgWBDGgD9AcIeZnUSidgWClmpMSgVUdnVORjsWWGUameYA==}
    engines: {node: '>=14.17'}
    requiresBuild: true
    peerDependencies:
      prisma: '*'
    peerDependenciesMeta:
      prisma:
        optional: true
    dependencies:
      '@prisma/engines-version': 4.6.1-3.694eea289a8462c80264df36757e4fdc129b1b32
      prisma: 4.6.1
    dev: false

  /@prisma/debug/4.6.1:
    resolution: {integrity: sha512-BezDvSenTgQDQ6WA3TdTDGcrt0Oh4vmpZtmSOYm1KaSZiSVIL2xT0P9TFM3vtOa4wn7sn/003PyTSxyHS3mShg==}
    dependencies:
      '@types/debug': 4.1.7
      debug: 4.3.4
      strip-ansi: 6.0.1
    transitivePeerDependencies:
      - supports-color
    dev: false

  /@prisma/engines-version/4.6.1-3.694eea289a8462c80264df36757e4fdc129b1b32:
    resolution: {integrity: sha512-HUCmkXAU2jqp2O1RvNtbE+seLGLyJGEABZS/R38rZjSAafAy0WzBuHq+tbZMnD+b5OSCsTVtIPVcuvx1ySxcWQ==}
    dev: false

  /@prisma/engines/4.6.1:
    resolution: {integrity: sha512-3u2/XxvxB+Q7cMXHnKU0CpBiUK1QWqpgiBv28YDo1zOIJE3FCF8DI2vrp6vuwjGt5h0JGXDSvmSf4D4maVjJdw==}
    requiresBuild: true

  /@prisma/generator-helper/4.6.1:
    resolution: {integrity: sha512-70XBmqDhmpe8H35ttOJOgyg1OpppO/uelILB1SIwjeSI7PHHdU2+Y/+LkpnifkCEpSZKIhxEIPbHx17m2neAsA==}
    dependencies:
      '@prisma/debug': 4.6.1
      '@types/cross-spawn': 6.0.2
      chalk: 4.1.2
      cross-spawn: 7.0.3
    transitivePeerDependencies:
      - supports-color
    dev: false

  /@repeaterjs/repeater/3.0.4:
    resolution: {integrity: sha512-AW8PKd6iX3vAZ0vA43nOUOnbq/X5ihgU+mSXXqunMkeQADGiqw/PY0JNeYtD5sr0PAy51YPgAPbDoeapv9r8WA==}
    dev: false

  /@swc/core-darwin-arm64/1.3.15:
    resolution: {integrity: sha512-XDa4jtf+LsL7/cFPhlfeAfkLgwFufKQZ+0SmhRSKL8clA5Me1TU4zxmFoHNyDQZ0el8Q9dCDWOWn3e0Q32lHdQ==}
    engines: {node: '>=10'}
    cpu: [arm64]
    os: [darwin]
    requiresBuild: true
    dev: false
    optional: true

  /@swc/core-darwin-x64/1.3.15:
    resolution: {integrity: sha512-f3Dn3s6tx9JyZVWtftOkcO67IUkFHFTRRoJKXlbCxeut6ogudZSJdc42rYomjAiwWkSS8kNpsOic+cDw8EgksQ==}
    engines: {node: '>=10'}
    cpu: [x64]
    os: [darwin]
    requiresBuild: true
    dev: false
    optional: true

  /@swc/core-linux-arm-gnueabihf/1.3.15:
    resolution: {integrity: sha512-bjZByu6FKXGhF+z0EwrdC3hDGt/vQnEc1BF9lettEeCSMbOUdAjz8afbnYEu25p6Un8qgEj5xyQgsnLOzLFJ8g==}
    engines: {node: '>=10'}
    cpu: [arm]
    os: [linux]
    requiresBuild: true
    dev: false
    optional: true

  /@swc/core-linux-arm64-gnu/1.3.15:
    resolution: {integrity: sha512-/rm4+ck3oLC7qKi7q7IyqnPRg51HVVvpmcRPBbLrYPnD2m+FnL2uAPhOemAwM+GDv3eS+f5f8ye2Yz3hy99AtA==}
    engines: {node: '>=10'}
    cpu: [arm64]
    os: [linux]
    requiresBuild: true
    dev: false
    optional: true

  /@swc/core-linux-arm64-musl/1.3.15:
    resolution: {integrity: sha512-TRJcHyBsW/empMTaHEPmVnIKAThI43lTG7xANwtsB8/31ZSIDUEosZ3fEqmLSBqwvCoQfp93++2MFNQGTwMwpQ==}
    engines: {node: '>=10'}
    cpu: [arm64]
    os: [linux]
    requiresBuild: true
    dev: false
    optional: true

  /@swc/core-linux-x64-gnu/1.3.15:
    resolution: {integrity: sha512-Xktb1uP4P9qNvyQ2nVPX2s+pAthWuTPmNeLO2NlS2jumzq01v4r3F64wLK7t31lvTEXyuiZSdfhE0yILcGmEqg==}
    engines: {node: '>=10'}
    cpu: [x64]
    os: [linux]
    requiresBuild: true
    dev: false
    optional: true

  /@swc/core-linux-x64-musl/1.3.15:
    resolution: {integrity: sha512-XUppG2CUE8guxKNpfhnbm2ukKdn0/hh+/t6tkQkbNm95CQqe0yiNMSZxUWIyf4wFcw1lymb15oiG8r34T+7iwQ==}
    engines: {node: '>=10'}
    cpu: [x64]
    os: [linux]
    requiresBuild: true
    dev: false
    optional: true

  /@swc/core-win32-arm64-msvc/1.3.15:
    resolution: {integrity: sha512-gU1HFMrVAiLZaLmgN7LlsdWY5deIFjAvB84/kQzQNvPbnaDJbA9FXN7b0Wi9rn4WCmWmbZBj5H8O3UkCQV7WYw==}
    engines: {node: '>=10'}
    cpu: [arm64]
    os: [win32]
    requiresBuild: true
    dev: false
    optional: true

  /@swc/core-win32-ia32-msvc/1.3.15:
    resolution: {integrity: sha512-LmKqV6Vv455NaI7kv8P1xTbPCm8S1dNzI7EXb0A87Tm4Tzd5z6KnhDFCbvhMQjHixlq09V1szTdtN5YkIhMXEg==}
    engines: {node: '>=10'}
    cpu: [ia32]
    os: [win32]
    requiresBuild: true
    dev: false
    optional: true

  /@swc/core-win32-x64-msvc/1.3.15:
    resolution: {integrity: sha512-hikhDyJCNyf0C9+b62MXywmTx72+T3cbVBJa9q7vgBV/cKA9z0qbiVMmozAGraIv/gSq9HLHR9Q2nWWWeJl7yg==}
    engines: {node: '>=10'}
    cpu: [x64]
    os: [win32]
    requiresBuild: true
    dev: false
    optional: true

  /@swc/core/1.3.15:
    resolution: {integrity: sha512-x5PYlmn2qFp8j0sl5vZHEdyA7SfjiqS7KgXSZfXydYiV1yFOaWQo2LvDjZ73fx3zhIR7oR96myDorglVpWdfhw==}
    engines: {node: '>=10'}
    hasBin: true
    requiresBuild: true
    optionalDependencies:
      '@swc/core-darwin-arm64': 1.3.15
      '@swc/core-darwin-x64': 1.3.15
      '@swc/core-linux-arm-gnueabihf': 1.3.15
      '@swc/core-linux-arm64-gnu': 1.3.15
      '@swc/core-linux-arm64-musl': 1.3.15
      '@swc/core-linux-x64-gnu': 1.3.15
      '@swc/core-linux-x64-musl': 1.3.15
      '@swc/core-win32-arm64-msvc': 1.3.15
      '@swc/core-win32-ia32-msvc': 1.3.15
      '@swc/core-win32-x64-msvc': 1.3.15
    dev: false

  /@tsconfig/node10/1.0.9:
    resolution: {integrity: sha512-jNsYVVxU8v5g43Erja32laIDHXeoNvFEpX33OK4d6hljo3jDhCBDhx5dhCCTMWUojscpAagGiRkBKxpdl9fxqA==}
    dev: false

  /@tsconfig/node12/1.0.11:
    resolution: {integrity: sha512-cqefuRsh12pWyGsIoBKJA9luFu3mRxCA+ORZvA4ktLSzIuCUtWVxGIuXigEwO5/ywWFMZ2QEGKWvkZG1zDMTag==}
    dev: false

  /@tsconfig/node14/1.0.3:
    resolution: {integrity: sha512-ysT8mhdixWK6Hw3i1V2AeRqZ5WfXg1G43mqoYlM2nc6388Fq5jcXyr5mRsqViLx/GJYdoL0bfXD8nmF+Zn/Iow==}
    dev: false

  /@tsconfig/node16/1.0.3:
    resolution: {integrity: sha512-yOlFc+7UtL/89t2ZhjPvvB/DeAr3r+Dq58IgzsFkOAvVC6NMJXmCGjbptdXdR9qsX7pKcTL+s87FtYREi2dEEQ==}
    dev: false

  /@types/cross-spawn/6.0.2:
    resolution: {integrity: sha512-KuwNhp3eza+Rhu8IFI5HUXRP0LIhqH5cAjubUvGXXthh4YYBuP2ntwEX+Cz8GJoZUHlKo247wPWOfA9LYEq4cw==}
    dependencies:
      '@types/node': 18.11.9
    dev: false

  /@types/debug/4.1.7:
    resolution: {integrity: sha512-9AonUzyTjXXhEOa0DnqpzZi6VHlqKMswga9EXjpXnnqxwLtdvPPtlO8evrI5D9S6asFRCQ6v+wpiUKbw+vKqyg==}
    dependencies:
      '@types/ms': 0.7.31
    dev: false

  /@types/ms/0.7.31:
    resolution: {integrity: sha512-iiUgKzV9AuaEkZqkOLDIvlQiL6ltuZd9tGcW3gwpnX8JbuiuhFlEGmmFXEXkN50Cvq7Os88IY2v0dkDqXYWVgA==}
    dev: false

  /@types/node/18.11.9:
    resolution: {integrity: sha512-CRpX21/kGdzjOpFsZSkcrXMGIBWMGNIHXXBVFSH+ggkftxg+XYP20TESbh+zFvFj3EQOl5byk0HTRn1IL6hbqg==}

  /@whatwg-node/events/0.0.2:
    resolution: {integrity: sha512-WKj/lI4QjnLuPrim0cfO7i+HsDSXHxNv1y0CrJhdntuO3hxWZmnXCwNDnwOvry11OjRin6cgWNF+j/9Pn8TN4w==}
    dev: false

  /@whatwg-node/fetch/0.3.2:
    resolution: {integrity: sha512-Bs5zAWQs0tXsLa4mRmLw7Psps1EN78vPtgcLpw3qPY8s6UYPUM67zFZ9cy+7tZ64PXhfwzxJn+m7RH2Lq48RNQ==}
    dependencies:
      '@peculiar/webcrypto': 1.4.1
      abort-controller: 3.0.0
      busboy: 1.6.0
      event-target-polyfill: 0.0.3
      form-data-encoder: 1.7.2
      formdata-node: 4.4.1
      node-fetch: 2.6.7
      undici: 5.12.0
      web-streams-polyfill: 3.2.1
    transitivePeerDependencies:
      - encoding
    dev: false

  /@whatwg-node/fetch/0.5.3:
    resolution: {integrity: sha512-cuAKL3Z7lrJJuUrfF1wxkQTb24Qd1QO/lsjJpM5ZSZZzUMms5TPnbGeGUKWA3hVKNHh30lVfr2MyRCT5Jfkucw==}
    dependencies:
      '@peculiar/webcrypto': 1.4.1
      abort-controller: 3.0.0
      busboy: 1.6.0
      form-data-encoder: 1.7.2
      formdata-node: 4.4.1
      node-fetch: 2.6.7
      undici: 5.12.0
      web-streams-polyfill: 3.2.1
    transitivePeerDependencies:
      - encoding
    dev: false

  /@whatwg-node/server/0.4.16_@types+node@18.11.9:
    resolution: {integrity: sha512-fDYg7M/wLDkzUoymD85T3hlLkHufrddB4587BANf62spPbWRV9bu5rlYdUDgWd/XNuEye06M9KjduSKl32KQgw==}
    peerDependencies:
      '@types/node': ^18.0.6
    dependencies:
      '@types/node': 18.11.9
      '@whatwg-node/fetch': 0.5.3
      tslib: 2.4.1
    transitivePeerDependencies:
      - encoding
    dev: false

  /abort-controller/3.0.0:
    resolution: {integrity: sha512-h8lQ8tacZYnR3vNQTgibj+tODHI5/+l06Au2Pcriv/Gmet0eaj4TwWH41sO9wnHDiQsEj19q0drzdWdeAHtweg==}
    engines: {node: '>=6.5'}
    dependencies:
      event-target-shim: 5.0.1
    dev: false

  /acorn-walk/8.2.0:
    resolution: {integrity: sha512-k+iyHEuPgSw6SbuDpGQM+06HQUa04DZ3o+F6CSzXMvvI5KMvnaEqXe+YVe555R9nn6GPt404fos4wcgpw12SDA==}
    engines: {node: '>=0.4.0'}
    dev: false

  /acorn/8.8.1:
    resolution: {integrity: sha512-7zFpHzhnqYKrkYdUjF1HI1bzd0VygEGX8lFk4k5zVMqHEoES+P+7TKI+EvLO9WVMJ8eekdO0aDEK044xTXwPPA==}
    engines: {node: '>=0.4.0'}
    hasBin: true
    dev: false

  /ansi-regex/5.0.1:
    resolution: {integrity: sha512-quJQXlTSUGL2LH9SUXo8VwsY4soanhgo6LNSm84E1LBcE8s3O0wpdiRzyR9z/ZZJMlMWv37qOOb9pdJlMUEKFQ==}
    engines: {node: '>=8'}
    dev: false

  /ansi-styles/4.3.0:
    resolution: {integrity: sha512-zbB9rCJAT1rbjiVDb2hqKFHNYLxgtk8NURxZ3IZwD3F6NtxbXZQCnnSi1Lkx+IDohdPlFp222wVALIheZJQSEg==}
    engines: {node: '>=8'}
    dependencies:
      color-convert: 2.0.1
    dev: false

  /arg/4.1.3:
    resolution: {integrity: sha512-58S9QDqG0Xx27YwPSt9fJxivjYl432YCwfDMfZ+71RAqUrZef7LrKQZ3LHLOwCS4FLNBplP533Zx895SeOCHvA==}
    dev: false

  /asn1js/3.0.5:
    resolution: {integrity: sha512-FVnvrKJwpt9LP2lAMl8qZswRNm3T4q9CON+bxldk2iwk3FFpuwhx2FfinyitizWHsVYyaY+y5JzDR0rCMV5yTQ==}
    engines: {node: '>=12.0.0'}
    dependencies:
      pvtsutils: 1.3.2
      pvutils: 1.1.3
      tslib: 2.4.1
    dev: false

  /busboy/1.6.0:
    resolution: {integrity: sha512-8SFQbg/0hQ9xy3UNTB0YEnsNBbWfhf7RtnzpL7TkBiTBRfrQ9Fxcnz7VJsleJpyp6rVLvXiuORqjlHi5q+PYuA==}
    engines: {node: '>=10.16.0'}
    dependencies:
      streamsearch: 1.1.0
    dev: false

  /chalk/4.1.2:
    resolution: {integrity: sha512-oKnbhFyRIXpUuez8iBMmyEa4nbj4IOQyuhc/wy9kY7/WVPcwIO9VA668Pu8RkO7+0G76SLROeyw9CpQ061i4mA==}
    engines: {node: '>=10'}
    dependencies:
      ansi-styles: 4.3.0
      supports-color: 7.2.0
    dev: false

  /color-convert/2.0.1:
    resolution: {integrity: sha512-RRECPsj7iu/xb5oKYcsFHSppFNnsj/52OVTRKb4zP5onXwVF3zVmmToNcOfGC+CRDpfK/U584fMg38ZHCaElKQ==}
    engines: {node: '>=7.0.0'}
    dependencies:
      color-name: 1.1.4
    dev: false

  /color-name/1.1.4:
    resolution: {integrity: sha512-dOy+3AuW3a2wNbZHIuMZpTcgjGuLU/uBL/ubcZF9OXbDo8ff4O8yVp5Bf0efS8uEoYo5q4Fx7dY9OgQGXgAsQA==}
    dev: false

  /create-require/1.1.1:
    resolution: {integrity: sha512-dcKFX3jn0MpIaXjisoRvexIJVEKzaq7z2rZKxf+MSr9TkdmHmsU4m2lcLojrj/FHl8mk5VxMmYA+ftRkP/3oKQ==}
    dev: false

  /cross-spawn/7.0.3:
    resolution: {integrity: sha512-iRDPJKUPVEND7dHPO8rkbOnPpyDygcDFtWjpeWNCgy8WP2rXcxXL8TskReQl6OrB2G7+UJrags1q15Fudc7G6w==}
    engines: {node: '>= 8'}
    dependencies:
      path-key: 3.1.1
      shebang-command: 2.0.0
      which: 2.0.2
    dev: false

  /dateformat/3.0.3:
    resolution: {integrity: sha512-jyCETtSl3VMZMWeRo7iY1FL19ges1t55hMo5yaam4Jrsm5EPL89UQkoQRyiI+Yf4k8r2ZpdngkV8hr1lIdjb3Q==}
    dev: true

  /debounce/1.2.1:
    resolution: {integrity: sha512-XRRe6Glud4rd/ZGQfiV1ruXSfbvfJedlV9Y6zOlP+2K04vBYiJEte6stfFkCP03aMnY5tsipamumUjL14fofug==}
    dev: true

  /debug/4.3.4:
    resolution: {integrity: sha512-PRWFHuSU3eDtQJPvnNY7Jcket1j0t5OuOsFzPPzsekD52Zl8qUfFIPEiswXqIvHWGVHOgX+7G/vCNNhehwxfkQ==}
    engines: {node: '>=6.0'}
    peerDependencies:
      supports-color: '*'
    peerDependenciesMeta:
      supports-color:
        optional: true
    dependencies:
      ms: 2.1.2
    dev: false

  /diff/4.0.2:
    resolution: {integrity: sha512-58lmxKSA4BNyLz+HHMUzlOEpg09FV+ev6ZMe3vJihgdxzgcwZ8VoEEPmALCZG9LmqfVoNMMKpttIYTVG6uDY7A==}
    engines: {node: '>=0.3.1'}
    dev: false

  /dset/3.1.2:
    resolution: {integrity: sha512-g/M9sqy3oHe477Ar4voQxWtaPIFw1jTdKZuomOjhCcBx9nHUNn0pu6NopuFFrTh/TRZIKEj+76vLWFu9BNKk+Q==}
    engines: {node: '>=4'}
    dev: false

  /dynamic-dedupe/0.3.0:
    resolution: {integrity: sha512-ssuANeD+z97meYOqd50e04Ze5qp4bPqo8cCkI4TRjZkzAUgIDTrXV1R8QCdINpiI+hw14+rYazvTRdQrz0/rFQ==}
    dependencies:
      xtend: 4.0.2
    dev: true

  /event-target-polyfill/0.0.3:
    resolution: {integrity: sha512-ZMc6UuvmbinrCk4RzGyVmRyIsAyxMRlp4CqSrcQRO8Dy0A9ldbiRy5kdtBj4OtP7EClGdqGfIqo9JmOClMsGLQ==}
    dev: false

  /event-target-shim/5.0.1:
    resolution: {integrity: sha512-i/2XbnSz/uxRCU6+NdVJgKWDTM427+MqYbkQzD321DuCQJUqOuJKIA0IM2+W2xtYHdKOmZ4dR6fExsd4SXL+WQ==}
    engines: {node: '>=6'}
    dev: false

  /filewatcher/3.0.1:
    resolution: {integrity: sha512-Fro8py2B8EJupSP37Kyd4kjKZLr+5ksFq7Vbw8A392Z15Unq8016SPUDvO/AsDj5V6bbPk98PTAinpc5YhPbJw==}
    dependencies:
      debounce: 1.2.1
    dev: true

  /form-data-encoder/1.7.2:
    resolution: {integrity: sha512-qfqtYan3rxrnCk1VYaA4H+Ms9xdpPqvLZa6xmMgFvhO32x7/3J/ExcTd6qpxM0vH2GdMI+poehyBZvqfMTto8A==}
    dev: false

  /formdata-node/4.4.1:
    resolution: {integrity: sha512-0iirZp3uVDjVGt9p49aTaqjk84TrglENEDuqfdlZQ1roC9CWlPk6Avf8EEnZNcAqPonwkG35x4n3ww/1THYAeQ==}
    engines: {node: '>= 12.20'}
    dependencies:
      node-domexception: 1.0.0
      web-streams-polyfill: 4.0.0-beta.3
    dev: false

  /function-bind/1.1.1:
    resolution: {integrity: sha512-yIovAzMX49sF8Yl58fSCWJ5svSLuaibPxXQJFLmBObTuCr0Mf1KiPopGM9NiFjiYBCbfaa2Fh6breQ6ANVTI0A==}
    dev: true

  /get-package-type/0.1.0:
    resolution: {integrity: sha512-pjzuKtY64GYfWizNAJ0fr9VqttZkNiK2iS430LtIHzjBEr6bX8Am2zm4sW4Ro5wjWW5cAlRL1qAMTcXbjNAO2Q==}
    engines: {node: '>=8.0.0'}
    dev: true

  /graphql-yoga/3.0.0-next.12_xfoe4adolgvm4tvnio5xigcr6e:
    resolution: {integrity: sha512-J1Pqk8dF9JOb7EL9uOzOf4Yd1lr6ZfNI+m0PP2xSVpOY8e6AiW9h/p58WsPWhCY5n77X9O6BeLz8YBUdGK0mHg==}
    peerDependencies:
      graphql: ^15.2.0 || ^16.0.0
    dependencies:
      '@envelop/core': 3.0.3
      '@envelop/parser-cache': 5.0.3_pbptz7adnmiijjca652cpfgxr4
      '@envelop/validation-cache': 5.0.3_pbptz7adnmiijjca652cpfgxr4
      '@graphql-tools/executor': 0.0.8_graphql@16.6.0
      '@graphql-tools/schema': 9.0.9_graphql@16.6.0
      '@graphql-tools/utils': 9.1.0_graphql@16.6.0
      '@graphql-yoga/subscription': 3.0.0-next.0
      '@whatwg-node/fetch': 0.5.3
      '@whatwg-node/server': 0.4.16_@types+node@18.11.9
      dset: 3.1.2
      graphql: 16.6.0
      tslib: 2.4.1
    transitivePeerDependencies:
      - '@types/node'
      - encoding
    dev: false

  /graphql/16.6.0:
    resolution: {integrity: sha512-KPIBPDlW7NxrbT/eh4qPXz5FiFdL5UbaA0XUNz2Rp3Z3hqBSkbj0GVjwFDztsWVauZUWsbKHgMg++sk8UX0bkw==}
    engines: {node: ^12.22.0 || ^14.16.0 || ^16.0.0 || >=17.0.0}
    dev: false

  /growly/1.3.0:
    resolution: {integrity: sha512-+xGQY0YyAWCnqy7Cd++hc2JqMYzlm0dG30Jd0beaA64sROr8C4nt8Yc9V5Ro3avlSUDTN0ulqP/VBKi1/lLygw==}
    dev: true

  /has-flag/4.0.0:
    resolution: {integrity: sha512-EykJT/Q1KjTWctppgIAgfSO0tKVuZUjhgMr17kqTumMl6Afv3EISleU7qZUzoXDFTAHTDC4NOoG/ZxU3EvlMPQ==}
    engines: {node: '>=8'}
    dev: false

  /has/1.0.3:
    resolution: {integrity: sha512-f2dvO0VU6Oej7RkWJGrehjbzMAjFp5/VKPp5tTpWIV4JHHZK1/BxbFRtf/siA2SWTe09caDmVtYYzWEIbBS4zw==}
    engines: {node: '>= 0.4.0'}
    dependencies:
      function-bind: 1.1.1
    dev: true

  /is-core-module/2.11.0:
    resolution: {integrity: sha512-RRjxlvLDkD1YJwDbroBHMb+cukurkDWNyHx7D3oNB5x9rb5ogcksMC5wHCadcXoo67gVr/+3GFySh3134zi6rw==}
    dependencies:
      has: 1.0.3
    dev: true

  /is-docker/2.2.1:
    resolution: {integrity: sha512-F+i2BKsFrH66iaUFc0woD8sLy8getkwTwtOBjvs56Cx4CgJDeKQeqfz8wAYiSb8JOprWhHH5p77PbmYCvvUuXQ==}
    engines: {node: '>=8'}
    hasBin: true
    dev: true

  /is-wsl/2.2.0:
    resolution: {integrity: sha512-fKzAra0rGJUUBwGBgNkHZuToZcn+TtXHpeCgmkMJMMYx1sQDYaCSyjJBSCa2nH1DGm7s3n1oBnohoVTBaN7Lww==}
    engines: {node: '>=8'}
    dependencies:
      is-docker: 2.2.1
    dev: true

  /isexe/2.0.0:
    resolution: {integrity: sha512-RHxMLp9lnKHGHRng9QFhRCMbYAcVpn69smSGcq3f36xjgVVWThj4qqLbTLlq7Ssj8B+fIQ1EuCEGI2lKsyQeIw==}

  /lru-cache/6.0.0:
    resolution: {integrity: sha512-Jo6dJ04CmSjuznwJSS3pUeWmd/H0ffTlkXXgwZi+eq1UCmqQwCh+eLsYOYCwY991i2Fah4h1BEMCx4qThGbsiA==}
    engines: {node: '>=10'}
    dependencies:
      yallist: 4.0.0

  /make-error/1.3.6:
    resolution: {integrity: sha512-s8UhlNe7vPKomQhC1qFelMokr/Sc3AgNbso3n74mVPA5LTZwkB9NlXf4XPamLxJE8h0gh73rM94xvwRT2CVInw==}
    dev: false

  /minimist/1.2.7:
    resolution: {integrity: sha512-bzfL1YUZsP41gmu/qjrEk0Q6i2ix/cVeAhbCbqH9u3zYutS1cLg00qhrD0M2MVdCcx4Sc0UpP2eBWo9rotpq6g==}
    dev: true

  /ms/2.1.2:
    resolution: {integrity: sha512-sGkPx+VjMtmA6MX27oA4FBFELFCZZ4S4XqeGOXCv68tT+jb3vk/RyaKWP0PTKyWtmLSM0b+adUTEvbs1PEaH2w==}
    dev: false

  /node-dev/7.4.3:
    resolution: {integrity: sha512-o8aYipN28xY+WEunMHHiNc3hpPSkGG8ulHyYBapNbkg4dQxohmhx6jiRbiFhTF6zy+5IwljUGv1EcuxsaWI4Bw==}
    engines: {node: '>=12'}
    hasBin: true
    dependencies:
      dateformat: 3.0.3
      dynamic-dedupe: 0.3.0
      filewatcher: 3.0.1
      get-package-type: 0.1.0
      minimist: 1.2.7
      node-notifier: 8.0.2
      resolve: 1.22.1
      semver: 7.3.8
    dev: true

  /node-domexception/1.0.0:
    resolution: {integrity: sha512-/jKZoMpw0F8GRwl4/eLROPA3cfcXtLApP0QzLmUT/HuPCZWyB7IY9ZrMeKw2O/nFIqPQB3PVM9aYm0F312AXDQ==}
    engines: {node: '>=10.5.0'}
    dev: false

  /node-fetch/2.6.7:
    resolution: {integrity: sha512-ZjMPFEfVx5j+y2yF35Kzx5sF7kDzxuDj6ziH4FFbOp87zKDZNx8yExJIb05OGF4Nlt9IHFIMBkRl41VdvcNdbQ==}
    engines: {node: 4.x || >=6.0.0}
    peerDependencies:
      encoding: ^0.1.0
    peerDependenciesMeta:
      encoding:
        optional: true
    dependencies:
      whatwg-url: 5.0.0
    dev: false

  /node-notifier/8.0.2:
    resolution: {integrity: sha512-oJP/9NAdd9+x2Q+rfphB2RJCHjod70RcRLjosiPMMu5gjIfwVnOUGq2nbTjTUbmy0DJ/tFIVT30+Qe3nzl4TJg==}
    dependencies:
      growly: 1.3.0
      is-wsl: 2.2.0
      semver: 7.3.8
      shellwords: 0.1.1
      uuid: 8.3.2
      which: 2.0.2
    dev: true

  /path-key/3.1.1:
    resolution: {integrity: sha512-ojmeN0qd+y0jszEtoY48r0Peq5dwMEkIlCOu6Q5f41lfkswXuKtYrhgoTpLnyIcHm24Uhqx+5Tqm2InSwLhE6Q==}
    engines: {node: '>=8'}
    dev: false

  /path-parse/1.0.7:
    resolution: {integrity: sha512-LDJzPVEEEPR+y48z93A0Ed0yXb8pAByGWo/k5YYdYgpY2/2EsOsksJrq7lOHxryrVOn1ejG6oAp8ahvOIQD8sw==}
    dev: true

  /prisma/4.6.1:
    resolution: {integrity: sha512-BR4itMCuzrDV4tn3e2TF+nh1zIX/RVU0isKtKoN28ADeoJ9nYaMhiuRRkFd2TZN8+l/XfYzoRKyHzUFXLQhmBQ==}
    engines: {node: '>=14.17'}
    hasBin: true
    requiresBuild: true
    dependencies:
      '@prisma/engines': 4.6.1

  /pvtsutils/1.3.2:
    resolution: {integrity: sha512-+Ipe2iNUyrZz+8K/2IOo+kKikdtfhRKzNpQbruF2URmqPtoqAs8g3xS7TJvFF2GcPXjh7DkqMnpVveRFq4PgEQ==}
    dependencies:
      tslib: 2.4.1
    dev: false

  /pvutils/1.1.3:
    resolution: {integrity: sha512-pMpnA0qRdFp32b1sJl1wOJNxZLQ2cbQx+k6tjNtZ8CpvVhNqEPRgivZ2WOUev2YMajecdH7ctUPDvEe87nariQ==}
    engines: {node: '>=6.0.0'}
    dev: false

  /resolve/1.22.1:
    resolution: {integrity: sha512-nBpuuYuY5jFsli/JIs1oldw6fOQCBioohqWZg/2hiaOybXOft4lonv85uDOKXdf8rhyK159cxU5cDcK/NKk8zw==}
    hasBin: true
    dependencies:
      is-core-module: 2.11.0
      path-parse: 1.0.7
      supports-preserve-symlinks-flag: 1.0.0
    dev: true

  /semver/7.3.8:
    resolution: {integrity: sha512-NB1ctGL5rlHrPJtFDVIVzTyQylMLu9N9VICA6HSFJo8MCGVTMW6gfpicwKmmK/dAjTOrqu5l63JJOpDSrAis3A==}
    engines: {node: '>=10'}
    hasBin: true
    dependencies:
      lru-cache: 6.0.0
    dev: true

  /shebang-command/2.0.0:
    resolution: {integrity: sha512-kHxr2zZpYtdmrN1qDjrrX/Z1rR1kG8Dx+gkpK1G4eXmvXswmcE1hTWBWYUzlraYw1/yZp6YuDY77YtvbN0dmDA==}
    engines: {node: '>=8'}
    dependencies:
      shebang-regex: 3.0.0
    dev: false

  /shebang-regex/3.0.0:
    resolution: {integrity: sha512-7++dFhtcx3353uBaq8DDR4NuxBetBzC7ZQOhmTQInHEd6bSrXdiEyzCvG07Z44UYdLShWUyXt5M/yhz8ekcb1A==}
    engines: {node: '>=8'}
    dev: false

  /shellwords/0.1.1:
    resolution: {integrity: sha512-vFwSUfQvqybiICwZY5+DAWIPLKsWO31Q91JSKl3UYv+K5c2QRPzn0qzec6QPu1Qc9eHYItiP3NdJqNVqetYAww==}
    dev: true

  /streamsearch/1.1.0:
    resolution: {integrity: sha512-Mcc5wHehp9aXz1ax6bZUyY5afg9u2rv5cqQI3mRrYkGC8rW2hM02jWuwjtL++LS5qinSyhj2QfLyNsuc+VsExg==}
    engines: {node: '>=10.0.0'}
    dev: false

  /strip-ansi/6.0.1:
    resolution: {integrity: sha512-Y38VPSHcqkFrCpFnQ9vuSXmquuv5oXOKpGeT6aGrr3o3Gc9AlVa6JBfUSOCnbxGGZF+/0ooI7KrPuUSztUdU5A==}
    engines: {node: '>=8'}
    dependencies:
      ansi-regex: 5.0.1
    dev: false

  /supports-color/7.2.0:
    resolution: {integrity: sha512-qpCAvRl9stuOHveKsn7HncJRvv501qIacKzQlO/+Lwxc9+0q2wLyv4Dfvt80/DPn2pqOBsJdDiogXGR9+OvwRw==}
    engines: {node: '>=8'}
    dependencies:
      has-flag: 4.0.0
    dev: false

  /supports-preserve-symlinks-flag/1.0.0:
    resolution: {integrity: sha512-ot0WnXS9fgdkgIcePe6RHNk1WA8+muPa6cSjeR3V8K27q9BB1rTE3R1p7Hv0z1ZyAc8s6Vvv8DIyWf681MAt0w==}
    engines: {node: '>= 0.4'}
    dev: true

  /tr46/0.0.3:
    resolution: {integrity: sha512-N3WMsuqV66lT30CrXNbEjx4GEwlow3v6rr4mCcv6prnfwhS01rkgyFdjPNBYd9br7LpXV1+Emh01fHnq2Gdgrw==}
    dev: false

  /ts-node/10.9.1_4csf6ozabiuty34uv5nlik2ali:
    resolution: {integrity: sha512-NtVysVPkxxrwFGUUxGYhfux8k78pQB3JqYBXlLRZgdGUqTO5wU/UyHop5p70iEbGhB7q5KmiZiU0Y3KlJrScEw==}
    hasBin: true
    peerDependencies:
      '@swc/core': '>=1.2.50'
      '@swc/wasm': '>=1.2.50'
      '@types/node': '*'
      typescript: '>=2.7'
    peerDependenciesMeta:
      '@swc/core':
        optional: true
      '@swc/wasm':
        optional: true
    dependencies:
      '@cspotcode/source-map-support': 0.8.1
      '@swc/core': 1.3.15
      '@tsconfig/node10': 1.0.9
      '@tsconfig/node12': 1.0.11
      '@tsconfig/node14': 1.0.3
      '@tsconfig/node16': 1.0.3
      '@types/node': 18.11.9
      acorn: 8.8.1
      acorn-walk: 8.2.0
      arg: 4.1.3
      create-require: 1.1.1
      diff: 4.0.2
      make-error: 1.3.6
      typescript: 4.8.4
      v8-compile-cache-lib: 3.0.1
      yn: 3.1.1
    dev: false

  /tslib/2.4.0:
    resolution: {integrity: sha512-d6xOpEDfsi2CZVlPQzGeux8XMwLT9hssAsaPYExaQMuYskwb+x1x7J371tWlbBdWHroy99KnVB6qIkUbs5X3UQ==}
    dev: false

  /tslib/2.4.1:
    resolution: {integrity: sha512-tGyy4dAjRIEwI7BzsB0lynWgOpfqjUdq91XXAlIWD2OwKBH7oCl/GZG/HT4BOHrTlPMOASlMQ7veyTqpmRcrNA==}
    dev: false

  /typescript/4.8.4:
    resolution: {integrity: sha512-QCh+85mCy+h0IGff8r5XWzOVSbBO+KfeYrMQh7NJ58QujwcE22u+NUSmUxqF+un70P9GXKxa2HCNiTTMJknyjQ==}
    engines: {node: '>=4.2.0'}
    hasBin: true
    dev: false

  /undici/5.12.0:
    resolution: {integrity: sha512-zMLamCG62PGjd9HHMpo05bSLvvwWOZgGeiWlN/vlqu3+lRo3elxktVGEyLMX+IO7c2eflLjcW74AlkhEZm15mg==}
    engines: {node: '>=12.18'}
    dependencies:
      busboy: 1.6.0
    dev: false

  /uuid/8.3.2:
    resolution: {integrity: sha512-+NYs2QeMWy+GWFOEm9xnn6HCDp0l7QBD7ml8zLUmJ+93Q5NF0NocErnwkTkXVFNiX3/fpC6afS8Dhb/gz7R7eg==}
    hasBin: true
    dev: true

  /v8-compile-cache-lib/3.0.1:
    resolution: {integrity: sha512-wa7YjyUGfNZngI/vtK0UHAN+lgDCxBPCylVXGp0zu59Fz5aiGtNXaq3DhIov063MorB+VfufLh3JlF2KdTK3xg==}
    dev: false

  /value-or-promise/1.0.11:
    resolution: {integrity: sha512-41BrgH+dIbCFXClcSapVs5M6GkENd3gQOJpEfPDNa71LsUGMXDL0jMWpI/Rh7WhX+Aalfz2TTS3Zt5pUsbnhLg==}
    engines: {node: '>=12'}
    dev: false

  /web-streams-polyfill/3.2.1:
    resolution: {integrity: sha512-e0MO3wdXWKrLbL0DgGnUV7WHVuw9OUvL4hjgnPkIeEvESk74gAITi5G606JtZPp39cd8HA9VQzCIvA49LpPN5Q==}
    engines: {node: '>= 8'}
    dev: false

  /web-streams-polyfill/4.0.0-beta.3:
    resolution: {integrity: sha512-QW95TCTaHmsYfHDybGMwO5IJIM93I/6vTRk+daHTWFPhwh+C8Cg7j7XyKrwrj8Ib6vYXe0ocYNrmzY4xAAN6ug==}
    engines: {node: '>= 14'}
    dev: false

  /webcrypto-core/1.7.5:
    resolution: {integrity: sha512-gaExY2/3EHQlRNNNVSrbG2Cg94Rutl7fAaKILS1w8ZDhGxdFOaw6EbCfHIxPy9vt/xwp5o0VQAx9aySPF6hU1A==}
    dependencies:
      '@peculiar/asn1-schema': 2.3.3
      '@peculiar/json-schema': 1.1.12
      asn1js: 3.0.5
      pvtsutils: 1.3.2
      tslib: 2.4.1
    dev: false

  /webidl-conversions/3.0.1:
    resolution: {integrity: sha512-2JAn3z8AR6rjK8Sm8orRC0h/bcl/DqL7tRPdGZ4I1CjdF+EaMLmYxBHyXuKL849eucPFhvBoxMsflfOb8kxaeQ==}
    dev: false

  /whatwg-url/5.0.0:
    resolution: {integrity: sha512-saE57nupxk6v3HY35+jzBwYa0rKSy0XR8JSxZPwgLr7ys0IBzhGviA1/TUGJLmSVqs8pb9AnvICXEuOHLprYTw==}
    dependencies:
      tr46: 0.0.3
      webidl-conversions: 3.0.1
    dev: false

  /which/2.0.2:
    resolution: {integrity: sha512-BLI3Tl1TW3Pvl70l3yq3Y64i+awpwXqsGBYWkkqMtnbXgrMD+yj7rhW0kuEDxzJaYXGjEW5ogapKNMEKNMjibA==}
    engines: {node: '>= 8'}
    hasBin: true
    dependencies:
      isexe: 2.0.0

  /xtend/4.0.2:
    resolution: {integrity: sha512-LKYU1iAXJXUgAXn9URjiu+MWhyUXHsvfp7mcuYm9dSUKK0/CjtrUwFAxD82/mCWbtLsGjFIad0wIsod4zrTAEQ==}
    engines: {node: '>=0.4'}
    dev: true

  /yallist/4.0.0:
    resolution: {integrity: sha512-3wdGidZyq5PB084XLES5TpOSRA3wjXAlIWMhum2kRcv/41Sn2emQ0dycQW4uZXLejwKvg6EsvbdlVL+FYEct7A==}

  /yn/3.1.1:
    resolution: {integrity: sha512-Ux4ygGWsu2c7isFWe8Yu1YluJmqVhxqK2cLXNQA5AcC3QfbGNpM7fu0Y8b/z16pXLnFxZYvWhd3fhBY9DLmC6Q==}
    engines: {node: '>=6'}
    dev: false
